
Microsoft Visual Studio Solution File, Format Version 12.00
# Visual Studio Version 17
VisualStudioVersion = 17.3.32929.385
MinimumVisualStudioVersion = 10.0.40219.1
Project("{FAE04EC0-301F-11D3-BF4B-00C04F79EFBC}") = "AtYarisi", "AtYarisi.csproj", "{9C61857D-834E-4876-9909-6CFCD1D48CDB}"
EndProject
Global
	GlobalSection(SolutionConfigurationPlatforms) = preSolution
		Debug|Any CPU = Debug|Any CPU
		Release|Any CPU = Release|Any CPU
	EndGlobalSection
	GlobalSection(ProjectConfigurationPlatforms) = postSolution
		{9C61857D-834E-4876-9909-6CFCD1D48CDB}.Debug|Any CPU.ActiveCfg = Debug|Any CPU
		{9C61857D-834E-4876-9909-6CFCD1D48CDB}.Debug|Any CPU.Build.0 = Debug|Any CPU
		{9C61857D-834E-4876-9909-6CFCD1D48CDB}.Release|Any CPU.ActiveCfg = Release|Any CPU
		{9C61857D-834E-4876-9909-6CFCD1D48CDB}.Release|Any CPU.Build.0 = Release|Any CPU
	EndGlobalSection
	GlobalSection(SolutionProperties) = preSolution
		HideSolutionNode = FALSE
	EndGlobalSection
	GlobalSection(ExtensibilityGlobals) = postSolution
		SolutionGuid = {CBE75F64-06F0-44FA-9589-79EC4FB4D0AA}
	EndGlobalSection
EndGlobal
